{
    "_meta": {
        "hash": {
            "sha256": "00733432e51d1ec017b559fb83964c9279cc5137d8433289a5d29a1889a8396f"
        },
        "pipfile-spec": 6,
        "requires": {
            "python_version": "3.7"
        },
        "sources": [
            {
                "name": "pypi",
                "url": "https://pypi.org/simple",
                "verify_ssl": true
            }
        ]
    },
    "default": {
        "djangorestframework": {
            "hashes": [
                "sha256:79c6efbb2514bc50cf25906d7c0a5cfead714c7af667ff4bd110312cd380ae66",
                "sha256:a4138613b67e3a223be6c97f53b13d759c5b90d2b433bad670b8ebf95402075f"
            ],
            "version": "==3.9.1"
        },
        "djangorestframework-gis": {
            "hashes": [
                "sha256:35527c51e083ccc93f6e6d90a6515c132bbeb2c5648b166ac5b1a48c4ea8e2a4",
                "sha256:e645c6c8aedee53ac0a4851abcdf8121fff66813eebae1b040b1ccb941cb248b"
            ],
            "index": "pypi",
            "version": "==0.14"
        }
    },
    "develop": {}
}
